
Microsoft Visual Studio Solution File, Format Version 12.00
# Visual Studio Version 17
VisualStudioVersion = 17.0.32014.148
MinimumVisualStudioVersion = 10.0.40219.1
Project("{9A19103F-16F7-4668-BE54-9A1E7A4F7556}") = "Asm65", "Asm65\Asm65.csproj", "{65A50BD0-AB07-492B-B51C-4CA1B700224D}"
EndProject
Project("{9A19103F-16F7-4668-BE54-9A1E7A4F7556}") = "CommonUtil", "CommonUtil\CommonUtil.csproj", "{A2993EAC-35D8-4768-8C54-152B4E14D69C}"
EndProject
Project("{FAE04EC0-301F-11D3-BF4B-00C04F79EFBC}") = "CodeLab", "CodeLab\CodeLab.csproj", "{3B66ABD8-7129-4D2B-B48E-B03FEC835CE1}"
EndProject
Project("{9A19103F-16F7-4668-BE54-9A1E7A4F7556}") = "RuntimeData", "RuntimeData\RuntimeData.csproj", "{046E44FC-E919-4AAC-905E-21198C769D6D}"
EndProject
Project("{9A19103F-16F7-4668-BE54-9A1E7A4F7556}") = "PluginCommon", "PluginCommon\PluginCommon.csproj", "{FF34A2A9-B269-4ECE-A216-4FACDEA1591A}"
EndProject
Project("{9A19103F-16F7-4668-BE54-9A1E7A4F7556}") = "CommonWPF", "CommonWPF\CommonWPF.csproj", "{E281491F-4013-4269-8341-1A169A42F0A4}"
EndProject
Project("{9A19103F-16F7-4668-BE54-9A1E7A4F7556}") = "MakeDist", "MakeDist\MakeDist.csproj", "{8F0CA85E-34C0-477B-B530-45FD5270786F}"
EndProject
Project("{9A19103F-16F7-4668-BE54-9A1E7A4F7556}") = "SourceGen", "SourceGen\SourceGen.csproj", "{5AC0B041-0D33-4C86-9F1D-AD0FB29DAA24}"
EndProject
Global
	GlobalSection(SolutionConfigurationPlatforms) = preSolution
		Debug|Any CPU = Debug|Any CPU
		Release|Any CPU = Release|Any CPU
	EndGlobalSection
	GlobalSection(ProjectConfigurationPlatforms) = postSolution
		{65A50BD0-AB07-492B-B51C-4CA1B700224D}.Debug|Any CPU.ActiveCfg = Debug|Any CPU
		{65A50BD0-AB07-492B-B51C-4CA1B700224D}.Debug|Any CPU.Build.0 = Debug|Any CPU
		{65A50BD0-AB07-492B-B51C-4CA1B700224D}.Release|Any CPU.ActiveCfg = Release|Any CPU
		{65A50BD0-AB07-492B-B51C-4CA1B700224D}.Release|Any CPU.Build.0 = Release|Any CPU
		{A2993EAC-35D8-4768-8C54-152B4E14D69C}.Debug|Any CPU.ActiveCfg = Debug|Any CPU
		{A2993EAC-35D8-4768-8C54-152B4E14D69C}.Debug|Any CPU.Build.0 = Debug|Any CPU
		{A2993EAC-35D8-4768-8C54-152B4E14D69C}.Release|Any CPU.ActiveCfg = Release|Any CPU
		{A2993EAC-35D8-4768-8C54-152B4E14D69C}.Release|Any CPU.Build.0 = Release|Any CPU
		{3B66ABD8-7129-4D2B-B48E-B03FEC835CE1}.Debug|Any CPU.ActiveCfg = Debug|Any CPU
		{3B66ABD8-7129-4D2B-B48E-B03FEC835CE1}.Debug|Any CPU.Build.0 = Debug|Any CPU
		{3B66ABD8-7129-4D2B-B48E-B03FEC835CE1}.Release|Any CPU.ActiveCfg = Release|Any CPU
		{3B66ABD8-7129-4D2B-B48E-B03FEC835CE1}.Release|Any CPU.Build.0 = Release|Any CPU
		{046E44FC-E919-4AAC-905E-21198C769D6D}.Debug|Any CPU.ActiveCfg = Debug|Any CPU
		{046E44FC-E919-4AAC-905E-21198C769D6D}.Debug|Any CPU.Build.0 = Debug|Any CPU
		{046E44FC-E919-4AAC-905E-21198C769D6D}.Release|Any CPU.ActiveCfg = Release|Any CPU
		{046E44FC-E919-4AAC-905E-21198C769D6D}.Release|Any CPU.Build.0 = Release|Any CPU
		{FF34A2A9-B269-4ECE-A216-4FACDEA1591A}.Debug|Any CPU.ActiveCfg = Debug|Any CPU
		{FF34A2A9-B269-4ECE-A216-4FACDEA1591A}.Debug|Any CPU.Build.0 = Debug|Any CPU
		{FF34A2A9-B269-4ECE-A216-4FACDEA1591A}.Release|Any CPU.ActiveCfg = Release|Any CPU
		{FF34A2A9-B269-4ECE-A216-4FACDEA1591A}.Release|Any CPU.Build.0 = Release|Any CPU
		{E281491F-4013-4269-8341-1A169A42F0A4}.Debug|Any CPU.ActiveCfg = Debug|Any CPU
		{E281491F-4013-4269-8341-1A169A42F0A4}.Debug|Any CPU.Build.0 = Debug|Any CPU
		{E281491F-4013-4269-8341-1A169A42F0A4}.Release|Any CPU.ActiveCfg = Release|Any CPU
		{E281491F-4013-4269-8341-1A169A42F0A4}.Release|Any CPU.Build.0 = Release|Any CPU
		{8F0CA85E-34C0-477B-B530-45FD5270786F}.Debug|Any CPU.ActiveCfg = Debug|Any CPU
		{8F0CA85E-34C0-477B-B530-45FD5270786F}.Debug|Any CPU.Build.0 = Debug|Any CPU
		{8F0CA85E-34C0-477B-B530-45FD5270786F}.Release|Any CPU.ActiveCfg = Release|Any CPU
		{8F0CA85E-34C0-477B-B530-45FD5270786F}.Release|Any CPU.Build.0 = Release|Any CPU
		{5AC0B041-0D33-4C86-9F1D-AD0FB29DAA24}.Debug|Any CPU.ActiveCfg = Debug|Any CPU
		{5AC0B041-0D33-4C86-9F1D-AD0FB29DAA24}.Debug|Any CPU.Build.0 = Debug|Any CPU
		{5AC0B041-0D33-4C86-9F1D-AD0FB29DAA24}.Release|Any CPU.ActiveCfg = Release|Any CPU
		{5AC0B041-0D33-4C86-9F1D-AD0FB29DAA24}.Release|Any CPU.Build.0 = Release|Any CPU
	EndGlobalSection
	GlobalSection(SolutionProperties) = preSolution
		HideSolutionNode = FALSE
	EndGlobalSection
	GlobalSection(ExtensibilityGlobals) = postSolution
		SolutionGuid = {4BB7BE28-98A5-4358-9D56-70B7E2E484F9}
	EndGlobalSection
EndGlobal
